
Microsoft Visual Studio Solution File, Format Version 12.00
# Visual Studio Version 17
VisualStudioVersion = 17.8.34330.188
MinimumVisualStudioVersion = 10.0.40219.1
Project("{9A19103F-16F7-4668-BE54-9A1E7A4F7556}") = "ImageDedup.CLI", "ImageDedup.CLI\ImageDedup.CLI.csproj", "{76E1FCB6-2BC6-44C3-B70C-D28A3EA6B48F}"
EndProject
Project("{FAE04EC0-301F-11D3-BF4B-00C04F79EFBC}") = "ImageDedup.UI", "ImageDedup.UI\ImageDedup.UI.csproj", "{7D34CC64-EB27-4E09-BC4B-36C4A6A5BE33}"
EndProject
Project("{FAE04EC0-301F-11D3-BF4B-00C04F79EFBC}") = "ImageDedup.Shared", "ImageDedup.Shared\ImageDedup.Shared.csproj", "{832FC690-112E-4449-A589-5D972E0299E9}"
EndProject
Global
	GlobalSection(SolutionConfigurationPlatforms) = preSolution
		Debug|Any CPU = Debug|Any CPU
		Release|Any CPU = Release|Any CPU
	EndGlobalSection
	GlobalSection(ProjectConfigurationPlatforms) = postSolution
		{76E1FCB6-2BC6-44C3-B70C-D28A3EA6B48F}.Debug|Any CPU.ActiveCfg = Debug|Any CPU
		{76E1FCB6-2BC6-44C3-B70C-D28A3EA6B48F}.Debug|Any CPU.Build.0 = Debug|Any CPU
		{76E1FCB6-2BC6-44C3-B70C-D28A3EA6B48F}.Release|Any CPU.ActiveCfg = Release|Any CPU
		{76E1FCB6-2BC6-44C3-B70C-D28A3EA6B48F}.Release|Any CPU.Build.0 = Release|Any CPU
		{7D34CC64-EB27-4E09-BC4B-36C4A6A5BE33}.Debug|Any CPU.ActiveCfg = Debug|Any CPU
		{7D34CC64-EB27-4E09-BC4B-36C4A6A5BE33}.Debug|Any CPU.Build.0 = Debug|Any CPU
		{7D34CC64-EB27-4E09-BC4B-36C4A6A5BE33}.Release|Any CPU.ActiveCfg = Release|Any CPU
		{7D34CC64-EB27-4E09-BC4B-36C4A6A5BE33}.Release|Any CPU.Build.0 = Release|Any CPU
		{832FC690-112E-4449-A589-5D972E0299E9}.Debug|Any CPU.ActiveCfg = Debug|Any CPU
		{832FC690-112E-4449-A589-5D972E0299E9}.Debug|Any CPU.Build.0 = Debug|Any CPU
		{832FC690-112E-4449-A589-5D972E0299E9}.Release|Any CPU.ActiveCfg = Release|Any CPU
		{832FC690-112E-4449-A589-5D972E0299E9}.Release|Any CPU.Build.0 = Release|Any CPU
	EndGlobalSection
	GlobalSection(SolutionProperties) = preSolution
		HideSolutionNode = FALSE
	EndGlobalSection
	GlobalSection(ExtensibilityGlobals) = postSolution
		SolutionGuid = {5CE00CC0-31DC-4A94-9AC3-5C3F9CE55D43}
	EndGlobalSection
EndGlobal
